schema: '2.0'
stages:
  train:
    cmd: python pretrained_model_tuner.py
    deps:
    - path: hymenoptera_data/
      md5: 70257f9e4b0b3ec72deeed5e1b880c3b.dir
      size: 47404368
      nfiles: 401
    - path: pretrained_model_tuner.py
      md5: 6a7177cbfc33bcbe3e0c28d0b9755166
      size: 7358
    params:
      params.yaml:
        batch_size: 10
        lr: 1
        model_name: squeezenet
        momentum: 0.1
        num_classes: 2
        num_epochs: 2
    outs:
    - path: model.pt
      hash: md5
      md5: e8587c45271368e869f89ac9611999c7
      size: 2961811
    - path: results.json
      hash: md5
      md5: c2ba9402011bb43298525622d3a75aed
      size: 110
